{
  "name": "aprs-viz",
  "version": "1.0.0",
  "lockfileVersion": 1,
  "requires": true,
  "dependencies": {
    "aprs-parser": {
      "version": "1.0.6",
      "resolved": "https://registry.npmjs.org/aprs-parser/-/aprs-parser-1.0.6.tgz",
      "integrity": "sha512-P8di+7euHlXewXKHEbsCxJuEnu0lysPl/r0dbG5BdQC4G1rbz4B94H/PUCUTsoGvnBZUK3PyQ+sy5VcW3+I0ow=="
    }
  }
}
